// !$*UTF8*$!
{
	archiveVersion = 1;
	classes = {
	};
	objectVersion = 46;
	objects = {

/* Begin PBXBuildFile section */
		00F732217A60E35C35646AA4 /* Accelerate.framework */ = {isa = PBXBuildFile; fileRef = 6E61B46259154210806F9135; };
		13B4C635556F05CE9DD8C2AA /* include_juce_audio_basics.mm */ = {isa = PBXBuildFile; fileRef = B40E81738C62FAF29468054A; };
		1B84F39655ED78576164CDDC /* include_juce_events.mm */ = {isa = PBXBuildFile; fileRef = B1A2B0A08C891F61CA03E493; };
		1CF9BF759D54CCBCBC79A2BC /* MetalKit.framework */ = {isa = PBXBuildFile; fileRef = C886DED930E94B6FB122723C; settings = { ATTRIBUTES = (Weak, ); }; };
		21DB38235BA7128E78647550 /* WebKit.framework */ = {isa = PBXBuildFile; fileRef = 0D7B42D2B9A506E3DBED6930; };
		2861E426F12B9DAE952CA614 /* CoreGraphics.framework */ = {isa = PBXBuildFile; fileRef = 0C3AB239D2D6CF3F72D49CA3; };
		34B37BCC04B02B8120F45FE1 /* Foundation.framework */ = {isa = PBXBuildFile; fileRef = ABE5E869EB0C22B62C2922F0; };
		3A2F71D6E05BAF9D55722950 /* CoreAudioKit.framework */ = {isa = PBXBuildFile; fileRef = 52BFE8C2BB015674A4B095DD; };
		4279DFCBCE85B9C9CD95E9D0 /* CoreImage.framework */ = {isa = PBXBuildFile; fileRef = 8CD039775C25287B727A8218; };
		47A73FAAF6AB0416C13D664E /* AudioProcess.cpp */ = {isa = PBXBuildFile; fileRef = AFC18B527D7997E5EC8F4113; };
		4A17E4838FED34CCB24ACF15 /* Main.cpp */ = {isa = PBXBuildFile; fileRef = 370F7F984577FD820B8ADBD6; };
		4E4D29B04C1081332771C257 /* MainComponent.cpp */ = {isa = PBXBuildFile; fileRef = 3CF14AAAACA860AF4F0EE037; };
		54DBE19CEEC8E3E6EAC7EF7D /* Images.xcassets */ = {isa = PBXBuildFile; fileRef = BCAC459195C6E561DAF00D0F; };
		5FE2723C63B65613068B6B1B /* AudioSetup.cpp */ = {isa = PBXBuildFile; fileRef = 2028313ECF0D345F457DF296; };
		61965F389ABDBFCC8E7135E7 /* include_juce_audio_formats.mm */ = {isa = PBXBuildFile; fileRef = 0521A61CAD6C83A138554C6F; };
		61A5FAFABB19832A777B000E /* include_juce_audio_processors_headless_ara.cpp */ = {isa = PBXBuildFile; fileRef = A44D827D2ACB0FE7C79D6896; };
		649AF83E6D1E2E00559A527C /* include_juce_core_CompilationTime.cpp */ = {isa = PBXBuildFile; fileRef = 9972B7D1F86CD1E42998E65B; };
		691482BFDC074690A3837A3E /* include_juce_gui_extra.mm */ = {isa = PBXBuildFile; fileRef = 66EE6D53DED580B7A49BF6DB; };
		6FB3DB5510D372B028F25359 /* include_juce_graphics.mm */ = {isa = PBXBuildFile; fileRef = DD3283016F97966EA84BD800; };
		7048C0ADC1ADC312D33668BB /* include_juce_core.mm */ = {isa = PBXBuildFile; fileRef = E1B7B97A58C00503AFB71048; };
		78A8284AFEBAFECE154BA190 /* LaunchScreen.storyboard */ = {isa = PBXBuildFile; fileRef = 332B5895251278E9CD8E414B; };
		8D046D4137373209B88BC349 /* QuartzCore.framework */ = {isa = PBXBuildFile; fileRef = D6A6CC856D0B85D11DC684C0; };
		8D2121C2B234B1DE622FB055 /* CoreAudio.framework */ = {isa = PBXBuildFile; fileRef = 07B5959E7CF13A0D3804A375; };
		8F40F3DE6B568EFF995F4925 /* UserNotifications.framework */ = {isa = PBXBuildFile; fileRef = FD33BF4B89D275510245A8B8; settings = { ATTRIBUTES = (Weak, ); }; };
		97B6BFCB18F490AB1DF550D1 /* CoreMIDI.framework */ = {isa = PBXBuildFile; fileRef = 00A0B114BA0FB68A66B6C964; };
		9947201D1AE06524A3AC3579 /* include_juce_audio_processors_headless_lv2_libs.cpp */ = {isa = PBXBuildFile; fileRef = 608BE5975AE9B94B82919716; };
		9B2EE7F36BDFE3DA536A73C8 /* include_juce_graphics_Harfbuzz.cpp */ = {isa = PBXBuildFile; fileRef = 1DAA242CDA11EAE2EE34B9C6; };
		9CB0DBEEE4A053F85604E38D /* include_juce_data_structures.mm */ = {isa = PBXBuildFile; fileRef = BE1FE218D03246F47EA67B38; };
		9E20A973E961278EF25F9363 /* AudioToolbox.framework */ = {isa = PBXBuildFile; fileRef = E4DA7E06E24FBDCBE6D68A8B; };
		A40767CC274E4D7F0692E979 /* CoreServices.framework */ = {isa = PBXBuildFile; fileRef = 0D825F3FC98A2647F59A5E2F; };
		A694CB992512EB1B96D9664F /* include_juce_audio_processors_headless.mm */ = {isa = PBXBuildFile; fileRef = 241ACD9382B24C5204CF8554; };
		B8C8DE9E645CE3033F7F6038 /* App */ = {isa = PBXBuildFile; fileRef = 699E99DA2E2E2260EB21FA13; };
		C38E08AC7B3EDD01C27360C0 /* UIKit.framework */ = {isa = PBXBuildFile; fileRef = 289F7BE7E116D35CDC7841EF; };
		C84735E07686BA49C2D7F94C /* AudioController.cpp */ = {isa = PBXBuildFile; fileRef = 2FE07320D46468FF0E108ABA; };
		D11A37563C3343B6E93A201D /* UniformTypeIdentifiers.framework */ = {isa = PBXBuildFile; fileRef = BF02D3CC5A3D140AF306004C; settings = { ATTRIBUTES = (Weak, ); }; };
		D4B6C3034EAA1ECB98F54800 /* Metal.framework */ = {isa = PBXBuildFile; fileRef = BCADADD028A8C65D8D0EEF6C; settings = { ATTRIBUTES = (Weak, ); }; };
		E45E3CEBC33773ECF3F7B9C8 /* CoreText.framework */ = {isa = PBXBuildFile; fileRef = 233E398578C2695142AA30DF; };
		E51118700E1BC778C3A74972 /* AVFoundation.framework */ = {isa = PBXBuildFile; fileRef = 411593CAE144AE07530EAAC7; };
		EA5AF18162814CAA7DF0F4BC /* include_juce_gui_basics.mm */ = {isa = PBXBuildFile; fileRef = 23507C4EEDA684CC020BBE1E; };
		ED766419D571D09BA5790AEE /* include_juce_audio_processors.mm */ = {isa = PBXBuildFile; fileRef = 4F95B5B4B58D960630A41ACF; };
		F5B36CD3452516F35BC5453D /* include_juce_audio_utils.mm */ = {isa = PBXBuildFile; fileRef = 51CE513D217FEF85B4C4EF41; };
		F7798932CCE6FEF00E1A930F /* include_juce_graphics_Sheenbidi.c */ = {isa = PBXBuildFile; fileRef = 080417255A3D02AB4830191A; };
		FA65732BC32ECE160C606657 /* include_juce_audio_devices.mm */ = {isa = PBXBuildFile; fileRef = FE01F543601E85C5F00A3492; };
/* End PBXBuildFile section */

/* Begin PBXFileReference section */
		00A0B114BA0FB68A66B6C964 /* CoreMIDI.framework */ /* CoreMIDI.framework */ = {isa = PBXFileReference; lastKnownFileType = wrapper.framework; name = CoreMIDI.framework; path = System/Library/Frameworks/CoreMIDI.framework; sourceTree = SDKROOT; };
		0521A61CAD6C83A138554C6F /* include_juce_audio_formats.mm */ /* include_juce_audio_formats.mm */ = {isa = PBXFileReference; lastKnownFileType = sourcecode.cpp.objcpp; name = include_juce_audio_formats.mm; path = ../../JuceLibraryCode/include_juce_audio_formats.mm; sourceTree = SOURCE_ROOT; };
		07B5959E7CF13A0D3804A375 /* CoreAudio.framework */ /* CoreAudio.framework */ = {isa = PBXFileReference; lastKnownFileType = wrapper.framework; name = CoreAudio.framework; path = System/Library/Frameworks/CoreAudio.framework; sourceTree = SDKROOT; };
		080417255A3D02AB4830191A /* include_juce_graphics_Sheenbidi.c */ /* include_juce_graphics_Sheenbidi.c */ = {isa = PBXFileReference; lastKnownFileType = sourcecode.c.c; name = include_juce_graphics_Sheenbidi.c; path = ../../JuceLibraryCode/include_juce_graphics_Sheenbidi.c; sourceTree = SOURCE_ROOT; };
		0C3AB239D2D6CF3F72D49CA3 /* CoreGraphics.framework */ /* CoreGraphics.framework */ = {isa = PBXFileReference; lastKnownFileType = wrapper.framework; name = CoreGraphics.framework; path = System/Library/Frameworks/CoreGraphics.framework; sourceTree = SDKROOT; };
		0D7B42D2B9A506E3DBED6930 /* WebKit.framework */ /* WebKit.framework */ = {isa = PBXFileReference; lastKnownFileType = wrapper.framework; name = WebKit.framework; path = System/Library/Frameworks/WebKit.framework; sourceTree = SDKROOT; };
		0D825F3FC98A2647F59A5E2F /* CoreServices.framework */ /* CoreServices.framework */ = {isa = PBXFileReference; lastKnownFileType = wrapper.framework; name = CoreServices.framework; path = System/Library/Frameworks/CoreServices.framework; sourceTree = SDKROOT; };
		12BFE426A75916DF1CD8140A /* juce_audio_devices */ /* juce_audio_devices */ = {isa = PBXFileReference; lastKnownFileType = folder; name = juce_audio_devices; path = ../../../JUCE/modules/juce_audio_devices; sourceTree = SOURCE_ROOT; };
		137E5D46323A60ED43314532 /* AudioSetup.h */ /* AudioSetup.h */ = {isa = PBXFileReference; lastKnownFileType = sourcecode.c.h; name = AudioSetup.h; path = ../../Source/AudioSetup.h; sourceTree = SOURCE_ROOT; };
		159F56A541C80FDB49922131 /* juce_gui_basics */ /* juce_gui_basics */ = {isa = PBXFileReference; lastKnownFileType = folder; name = juce_gui_basics; path = ../../../JUCE/modules/juce_gui_basics; sourceTree = SOURCE_ROOT; };
		1A4F83537FF058CF4D87BC70 /* juce_audio_formats */ /* juce_audio_formats */ = {isa = PBXFileReference; lastKnownFileType = folder; name = juce_audio_formats; path = ../../../JUCE/modules/juce_audio_formats; sourceTree = SOURCE_ROOT; };
		1DAA242CDA11EAE2EE34B9C6 /* include_juce_graphics_Harfbuzz.cpp */ /* include_juce_graphics_Harfbuzz.cpp */ = {isa = PBXFileReference; lastKnownFileType = sourcecode.cpp.cpp; name = include_juce_graphics_Harfbuzz.cpp; path = ../../JuceLibraryCode/include_juce_graphics_Harfbuzz.cpp; sourceTree = SOURCE_ROOT; };
		2028313ECF0D345F457DF296 /* AudioSetup.cpp */ /* AudioSetup.cpp */ = {isa = PBXFileReference; lastKnownFileType = sourcecode.cpp.cpp; name = AudioSetup.cpp; path = ../../Source/AudioSetup.cpp; sourceTree = SOURCE_ROOT; };
		233E398578C2695142AA30DF /* CoreText.framework */ /* CoreText.framework */ = {isa = PBXFileReference; lastKnownFileType = wrapper.framework; name = CoreText.framework; path = System/Library/Frameworks/CoreText.framework; sourceTree = SDKROOT; };
		23507C4EEDA684CC020BBE1E /* include_juce_gui_basics.mm */ /* include_juce_gui_basics.mm */ = {isa = PBXFileReference; lastKnownFileType = sourcecode.cpp.objcpp; name = include_juce_gui_basics.mm; path = ../../JuceLibraryCode/include_juce_gui_basics.mm; sourceTree = SOURCE_ROOT; };
		241ACD9382B24C5204CF8554 /* include_juce_audio_processors_headless.mm */ /* include_juce_audio_processors_headless.mm */ = {isa = PBXFileReference; lastKnownFileType = sourcecode.cpp.objcpp; name = include_juce_audio_processors_headless.mm; path = ../../JuceLibraryCode/include_juce_audio_processors_headless.mm; sourceTree = SOURCE_ROOT; };
		289F7BE7E116D35CDC7841EF /* UIKit.framework */ /* UIKit.framework */ = {isa = PBXFileReference; lastKnownFileType = wrapper.framework; name = UIKit.framework; path = System/Library/Frameworks/UIKit.framework; sourceTree = SDKROOT; };
		2C4440476DF6AB8146491145 /* AudioProcess.h */ /* AudioProcess.h */ = {isa = PBXFileReference; lastKnownFileType = sourcecode.c.h; name = AudioProcess.h; path = ../../Source/AudioProcess.h; sourceTree = SOURCE_ROOT; };
		2FE07320D46468FF0E108ABA /* AudioController.cpp */ /* AudioController.cpp */ = {isa = PBXFileReference; lastKnownFileType = sourcecode.cpp.cpp; name = AudioController.cpp; path = ../../Source/AudioController.cpp; sourceTree = SOURCE_ROOT; };
		332B5895251278E9CD8E414B /* LaunchScreen.storyboard */ /* LaunchScreen.storyboard */ = {isa = PBXFileReference; lastKnownFileType = file.storyboard; name = LaunchScreen.storyboard; path = LaunchScreen.storyboard; sourceTree = SOURCE_ROOT; };
		370F7F984577FD820B8ADBD6 /* Main.cpp */ /* Main.cpp */ = {isa = PBXFileReference; lastKnownFileType = sourcecode.cpp.cpp; name = Main.cpp; path = ../../Source/Main.cpp; sourceTree = SOURCE_ROOT; };
		3CF14AAAACA860AF4F0EE037 /* MainComponent.cpp */ /* MainComponent.cpp */ = {isa = PBXFileReference; lastKnownFileType = sourcecode.cpp.cpp; name = MainComponent.cpp; path = ../../Source/MainComponent.cpp; sourceTree = SOURCE_ROOT; };
		411593CAE144AE07530EAAC7 /* AVFoundation.framework */ /* AVFoundation.framework */ = {isa = PBXFileReference; lastKnownFileType = wrapper.framework; name = AVFoundation.framework; path = System/Library/Frameworks/AVFoundation.framework; sourceTree = SDKROOT; };
		4564E719296ADA5314F0DB74 /* juce_graphics */ /* juce_graphics */ = {isa = PBXFileReference; lastKnownFileType = folder; name = juce_graphics; path = ../../../JUCE/modules/juce_graphics; sourceTree = SOURCE_ROOT; };
		46A00BA07095EAAC4AD53E10 /* MainComponent.h */ /* MainComponent.h */ = {isa = PBXFileReference; lastKnownFileType = sourcecode.c.h; name = MainComponent.h; path = ../../Source/MainComponent.h; sourceTree = SOURCE_ROOT; };
		4F95B5B4B58D960630A41ACF /* include_juce_audio_processors.mm */ /* include_juce_audio_processors.mm */ = {isa = PBXFileReference; lastKnownFileType = sourcecode.cpp.objcpp; name = include_juce_audio_processors.mm; path = ../../JuceLibraryCode/include_juce_audio_processors.mm; sourceTree = SOURCE_ROOT; };
		51CE513D217FEF85B4C4EF41 /* include_juce_audio_utils.mm */ /* include_juce_audio_utils.mm */ = {isa = PBXFileReference; lastKnownFileType = sourcecode.cpp.objcpp; name = include_juce_audio_utils.mm; path = ../../JuceLibraryCode/include_juce_audio_utils.mm; sourceTree = SOURCE_ROOT; };
		52BFE8C2BB015674A4B095DD /* CoreAudioKit.framework */ /* CoreAudioKit.framework */ = {isa = PBXFileReference; lastKnownFileType = wrapper.framework; name = CoreAudioKit.framework; path = System/Library/Frameworks/CoreAudioKit.framework; sourceTree = SDKROOT; };
		608BE5975AE9B94B82919716 /* include_juce_audio_processors_headless_lv2_libs.cpp */ /* include_juce_audio_processors_headless_lv2_libs.cpp */ = {isa = PBXFileReference; lastKnownFileType = sourcecode.cpp.cpp; name = include_juce_audio_processors_headless_lv2_libs.cpp; path = ../../JuceLibraryCode/include_juce_audio_processors_headless_lv2_libs.cpp; sourceTree = SOURCE_ROOT; };
		65377A7683B66403708EB55F /* juce_audio_utils */ /* juce_audio_utils */ = {isa = PBXFileReference; lastKnownFileType = folder; name = juce_audio_utils; path = ../../../JUCE/modules/juce_audio_utils; sourceTree = SOURCE_ROOT; };
		66EE6D53DED580B7A49BF6DB /* include_juce_gui_extra.mm */ /* include_juce_gui_extra.mm */ = {isa = PBXFileReference; lastKnownFileType = sourcecode.cpp.objcpp; name = include_juce_gui_extra.mm; path = ../../JuceLibraryCode/include_juce_gui_extra.mm; sourceTree = SOURCE_ROOT; };
		699E99DA2E2E2260EB21FA13 /* App */ = {isa = PBXFileReference; explicitFileType = wrapper.application; includeInIndex = 0; path = 1EQ.app; sourceTree = BUILT_PRODUCTS_DIR; };
		6E61B46259154210806F9135 /* Accelerate.framework */ /* Accelerate.framework */ = {isa = PBXFileReference; lastKnownFileType = wrapper.framework; name = Accelerate.framework; path = System/Library/Frameworks/Accelerate.framework; sourceTree = SDKROOT; };
		895D11800B1A30DF44580824 /* Info-App.plist */ /* Info-App.plist */ = {isa = PBXFileReference; lastKnownFileType = text.plist.xml; name = "Info-App.plist"; path = "Info-App.plist"; sourceTree = SOURCE_ROOT; };
		8CD039775C25287B727A8218 /* CoreImage.framework */ /* CoreImage.framework */ = {isa = PBXFileReference; lastKnownFileType = wrapper.framework; name = CoreImage.framework; path = System/Library/Frameworks/CoreImage.framework; sourceTree = SDKROOT; };
		9972B7D1F86CD1E42998E65B /* include_juce_core_CompilationTime.cpp */ /* include_juce_core_CompilationTime.cpp */ = {isa = PBXFileReference; lastKnownFileType = sourcecode.cpp.cpp; name = include_juce_core_CompilationTime.cpp; path = ../../JuceLibraryCode/include_juce_core_CompilationTime.cpp; sourceTree = SOURCE_ROOT; };
		A44D827D2ACB0FE7C79D6896 /* include_juce_audio_processors_headless_ara.cpp */ /* include_juce_audio_processors_headless_ara.cpp */ = {isa = PBXFileReference; lastKnownFileType = sourcecode.cpp.cpp; name = include_juce_audio_processors_headless_ara.cpp; path = ../../JuceLibraryCode/include_juce_audio_processors_headless_ara.cpp; sourceTree = SOURCE_ROOT; };
		ABE5E869EB0C22B62C2922F0 /* Foundation.framework */ /* Foundation.framework */ = {isa = PBXFileReference; lastKnownFileType = wrapper.framework; name = Foundation.framework; path = System/Library/Frameworks/Foundation.framework; sourceTree = SDKROOT; };
		AFC18B527D7997E5EC8F4113 /* AudioProcess.cpp */ /* AudioProcess.cpp */ = {isa = PBXFileReference; lastKnownFileType = sourcecode.cpp.cpp; name = AudioProcess.cpp; path = ../../Source/AudioProcess.cpp; sourceTree = SOURCE_ROOT; };
		B1A2B0A08C891F61CA03E493 /* include_juce_events.mm */ /* include_juce_events.mm */ = {isa = PBXFileReference; lastKnownFileType = sourcecode.cpp.objcpp; name = include_juce_events.mm; path = ../../JuceLibraryCode/include_juce_events.mm; sourceTree = SOURCE_ROOT; };
		B40E81738C62FAF29468054A /* include_juce_audio_basics.mm */ /* include_juce_audio_basics.mm */ = {isa = PBXFileReference; lastKnownFileType = sourcecode.cpp.objcpp; name = include_juce_audio_basics.mm; path = ../../JuceLibraryCode/include_juce_audio_basics.mm; sourceTree = SOURCE_ROOT; };
		BCAC459195C6E561DAF00D0F /* Images.xcassets */ /* Images.xcassets */ = {isa = PBXFileReference; lastKnownFileType = folder.assetcatalog; name = Images.xcassets; path = 1EQ/Images.xcassets; sourceTree = SOURCE_ROOT; };
		BCADADD028A8C65D8D0EEF6C /* Metal.framework */ /* Metal.framework */ = {isa = PBXFileReference; lastKnownFileType = wrapper.framework; name = Metal.framework; path = System/Library/Frameworks/Metal.framework; sourceTree = SDKROOT; };
		BE1FE218D03246F47EA67B38 /* include_juce_data_structures.mm */ /* include_juce_data_structures.mm */ = {isa = PBXFileReference; lastKnownFileType = sourcecode.cpp.objcpp; name = include_juce_data_structures.mm; path = ../../JuceLibraryCode/include_juce_data_structures.mm; sourceTree = SOURCE_ROOT; };
		BEFF430E1E9E5080E498429A /* AudioController.h */ /* AudioController.h */ = {isa = PBXFileReference; lastKnownFileType = sourcecode.c.h; name = AudioController.h; path = ../../Source/AudioController.h; sourceTree = SOURCE_ROOT; };
		BF02D3CC5A3D140AF306004C /* UniformTypeIdentifiers.framework */ /* UniformTypeIdentifiers.framework */ = {isa = PBXFileReference; lastKnownFileType = wrapper.framework; name = UniformTypeIdentifiers.framework; path = System/Library/Frameworks/UniformTypeIdentifiers.framework; sourceTree = SDKROOT; };
		BF1EF09A167A3BE9A3D8E2C0 /* juce_gui_extra */ /* juce_gui_extra */ = {isa = PBXFileReference; lastKnownFileType = folder; name = juce_gui_extra; path = ../../../JUCE/modules/juce_gui_extra; sourceTree = SOURCE_ROOT; };
		C4E7911A49C4523D1E5CC59E /* JuceHeader.h */ /* JuceHeader.h */ = {isa = PBXFileReference; lastKnownFileType = sourcecode.c.h; name = JuceHeader.h; path = ../../JuceLibraryCode/JuceHeader.h; sourceTree = SOURCE_ROOT; };
		C886DED930E94B6FB122723C /* MetalKit.framework */ /* MetalKit.framework */ = {isa = PBXFileReference; lastKnownFileType = wrapper.framework; name = MetalKit.framework; path = System/Library/Frameworks/MetalKit.framework; sourceTree = SDKROOT; };
		CFD77BADFD377AEF6E19F7FF /* juce_audio_processors_headless */ /* juce_audio_processors_headless */ = {isa = PBXFileReference; lastKnownFileType = folder; name = juce_audio_processors_headless; path = ../../../JUCE/modules/juce_audio_processors_headless; sourceTree = SOURCE_ROOT; };
		D2983632F0EB8FBF430F64CC /* juce_events */ /* juce_events */ = {isa = PBXFileReference; lastKnownFileType = folder; name = juce_events; path = ../../../JUCE/modules/juce_events; sourceTree = SOURCE_ROOT; };
		D3921EC503EF865DF0BDCD0D /* juce_audio_basics */ /* juce_audio_basics */ = {isa = PBXFileReference; lastKnownFileType = folder; name = juce_audio_basics; path = ../../../JUCE/modules/juce_audio_basics; sourceTree = SOURCE_ROOT; };
		D6A6CC856D0B85D11DC684C0 /* QuartzCore.framework */ /* QuartzCore.framework */ = {isa = PBXFileReference; lastKnownFileType = wrapper.framework; name = QuartzCore.framework; path = System/Library/Frameworks/QuartzCore.framework; sourceTree = SDKROOT; };
		D764A4DDF05372531AE637A6 /* juce_data_structures */ /* juce_data_structures */ = {isa = PBXFileReference; lastKnownFileType = folder; name = juce_data_structures; path = ../../../JUCE/modules/juce_data_structures; sourceTree = SOURCE_ROOT; };
		DD3283016F97966EA84BD800 /* include_juce_graphics.mm */ /* include_juce_graphics.mm */ = {isa = PBXFileReference; lastKnownFileType = sourcecode.cpp.objcpp; name = include_juce_graphics.mm; path = ../../JuceLibraryCode/include_juce_graphics.mm; sourceTree = SOURCE_ROOT; };
		E1B7B97A58C00503AFB71048 /* include_juce_core.mm */ /* include_juce_core.mm */ = {isa = PBXFileReference; lastKnownFileType = sourcecode.cpp.objcpp; name = include_juce_core.mm; path = ../../JuceLibraryCode/include_juce_core.mm; sourceTree = SOURCE_ROOT; };
		E4DA7E06E24FBDCBE6D68A8B /* AudioToolbox.framework */ /* AudioToolbox.framework */ = {isa = PBXFileReference; lastKnownFileType = wrapper.framework; name = AudioToolbox.framework; path = System/Library/Frameworks/AudioToolbox.framework; sourceTree = SDKROOT; };
		E99D71C2E42537016AA705A6 /* juce_core */ /* juce_core */ = {isa = PBXFileReference; lastKnownFileType = folder; name = juce_core; path = ../../../JUCE/modules/juce_core; sourceTree = SOURCE_ROOT; };
		EDD6C7DACAD5BD86F43BC017 /* juce_audio_processors */ /* juce_audio_processors */ = {isa = PBXFileReference; lastKnownFileType = folder; name = juce_audio_processors; path = ../../../JUCE/modules/juce_audio_processors; sourceTree = SOURCE_ROOT; };
		FD33BF4B89D275510245A8B8 /* UserNotifications.framework */ /* UserNotifications.framework */ = {isa = PBXFileReference; lastKnownFileType = wrapper.framework; name = UserNotifications.framework; path = System/Library/Frameworks/UserNotifications.framework; sourceTree = SDKROOT; };
		FE01F543601E85C5F00A3492 /* include_juce_audio_devices.mm */ /* include_juce_audio_devices.mm */ = {isa = PBXFileReference; lastKnownFileType = sourcecode.cpp.objcpp; name = include_juce_audio_devices.mm; path = ../../JuceLibraryCode/include_juce_audio_devices.mm; sourceTree = SOURCE_ROOT; };
/* End PBXFileReference section */

/* Begin PBXFrameworksBuildPhase section */
		802377875724CF9D7386E2DF = {
			isa = PBXFrameworksBuildPhase;
			buildActionMask = 2147483647;
			files = (
				00F732217A60E35C35646AA4,
				9E20A973E961278EF25F9363,
				E51118700E1BC778C3A74972,
				8D2121C2B234B1DE622FB055,
				3A2F71D6E05BAF9D55722950,
				2861E426F12B9DAE952CA614,
				4279DFCBCE85B9C9CD95E9D0,
				97B6BFCB18F490AB1DF550D1,
				A40767CC274E4D7F0692E979,
				E45E3CEBC33773ECF3F7B9C8,
				34B37BCC04B02B8120F45FE1,
				8D046D4137373209B88BC349,
				C38E08AC7B3EDD01C27360C0,
				21DB38235BA7128E78647550,
				D4B6C3034EAA1ECB98F54800,
				1CF9BF759D54CCBCBC79A2BC,
				D11A37563C3343B6E93A201D,
				8F40F3DE6B568EFF995F4925,
			);
			runOnlyForDeploymentPostprocessing = 0;
		};
/* End PBXFrameworksBuildPhase section */

/* Begin PBXGroup section */
		4F909C166E12079A1D6B172D /* Source */ = {
			isa = PBXGroup;
			children = (
				E544F2398766D5B49FED3DF5,
				CA970EE124A18F7671990DBE,
				AFE95BDA90F6DA99C0201A3E,
				74C5585ABE985BE293E5FF91,
				BFB9013157437B0C82C43157,
				7C773FAD1F7A25499CC8AA8B,
			);
			name = Source;
			sourceTree = "<group>";
		};
		6FFB44F0101B8B6CF46D6089 /* Source */ = {
			isa = PBXGroup;
			children = (
				BE8504E2AC6F3CD276781F73,
				EA4D0B8F77F12E741EDDFFDC,
				370F7F984577FD820B8ADBD6,
			);
			name = Source;
			sourceTree = "<group>";
		};
		74C5585ABE985BE293E5FF91 /* Resources */ = {
			isa = PBXGroup;
			children = (
				895D11800B1A30DF44580824,
				BCAC459195C6E561DAF00D0F,
				332B5895251278E9CD8E414B,
			);
			name = Resources;
			sourceTree = "<group>";
		};
		7C773FAD1F7A25499CC8AA8B /* Products */ = {
			isa = PBXGroup;
			children = (
				699E99DA2E2E2260EB21FA13,
			);
			name = Products;
			sourceTree = "<group>";
		};
		831D4749A30F7E15B0930AC9 /* Process */ = {
			isa = PBXGroup;
			children = (
				AFC18B527D7997E5EC8F4113,
				2C4440476DF6AB8146491145,
			);
			name = Process;
			sourceTree = "<group>";
		};
		8715374DD5561A067B28160F /* Setup */ = {
			isa = PBXGroup;
			children = (
				2028313ECF0D345F457DF296,
				137E5D46323A60ED43314532,
			);
			name = Setup;
			sourceTree = "<group>";
		};
		AFE95BDA90F6DA99C0201A3E /* JUCE Library Code */ = {
			isa = PBXGroup;
			children = (
				B40E81738C62FAF29468054A,
				FE01F543601E85C5F00A3492,
				0521A61CAD6C83A138554C6F,
				4F95B5B4B58D960630A41ACF,
				241ACD9382B24C5204CF8554,
				A44D827D2ACB0FE7C79D6896,
				608BE5975AE9B94B82919716,
				51CE513D217FEF85B4C4EF41,
				E1B7B97A58C00503AFB71048,
				9972B7D1F86CD1E42998E65B,
				BE1FE218D03246F47EA67B38,
				B1A2B0A08C891F61CA03E493,
				DD3283016F97966EA84BD800,
				1DAA242CDA11EAE2EE34B9C6,
				080417255A3D02AB4830191A,
				23507C4EEDA684CC020BBE1E,
				66EE6D53DED580B7A49BF6DB,
				C4E7911A49C4523D1E5CC59E,
			);
			name = "JUCE Library Code";
			sourceTree = "<group>";
		};
		BE8504E2AC6F3CD276781F73 /* Audio */ = {
			isa = PBXGroup;
			children = (
				2FE07320D46468FF0E108ABA,
				BEFF430E1E9E5080E498429A,
				8715374DD5561A067B28160F,
				831D4749A30F7E15B0930AC9,
			);
			name = Audio;
			sourceTree = "<group>";
		};
		BFB9013157437B0C82C43157 /* Frameworks */ = {
			isa = PBXGroup;
			children = (
				6E61B46259154210806F9135,
				E4DA7E06E24FBDCBE6D68A8B,
				411593CAE144AE07530EAAC7,
				07B5959E7CF13A0D3804A375,
				52BFE8C2BB015674A4B095DD,
				0C3AB239D2D6CF3F72D49CA3,
				8CD039775C25287B727A8218,
				00A0B114BA0FB68A66B6C964,
				0D825F3FC98A2647F59A5E2F,
				233E398578C2695142AA30DF,
				ABE5E869EB0C22B62C2922F0,
				D6A6CC856D0B85D11DC684C0,
				289F7BE7E116D35CDC7841EF,
				0D7B42D2B9A506E3DBED6930,
				BCADADD028A8C65D8D0EEF6C,
				C886DED930E94B6FB122723C,
				BF02D3CC5A3D140AF306004C,
				FD33BF4B89D275510245A8B8,
			);
			name = Frameworks;
			sourceTree = "<group>";
		};
		CA970EE124A18F7671990DBE /* JUCE Modules */ = {
			isa = PBXGroup;
			children = (
				D3921EC503EF865DF0BDCD0D,
				12BFE426A75916DF1CD8140A,
				1A4F83537FF058CF4D87BC70,
				EDD6C7DACAD5BD86F43BC017,
				CFD77BADFD377AEF6E19F7FF,
				65377A7683B66403708EB55F,
				E99D71C2E42537016AA705A6,
				D764A4DDF05372531AE637A6,
				D2983632F0EB8FBF430F64CC,
				4564E719296ADA5314F0DB74,
				159F56A541C80FDB49922131,
				BF1EF09A167A3BE9A3D8E2C0,
			);
			name = "JUCE Modules";
			sourceTree = "<group>";
		};
		E544F2398766D5B49FED3DF5 /* 1EQ */ = {
			isa = PBXGroup;
			children = (
				6FFB44F0101B8B6CF46D6089,
			);
			name = 1EQ;
			sourceTree = "<group>";
		};
		EA4D0B8F77F12E741EDDFFDC /* GUI */ = {
			isa = PBXGroup;
			children = (
				46A00BA07095EAAC4AD53E10,
				3CF14AAAACA860AF4F0EE037,
			);
			name = GUI;
			sourceTree = "<group>";
		};
/* End PBXGroup section */

/* Begin PBXNativeTarget section */
		A523BE27FB2A183D2816147B /* 1EQ - App */ = {
			isa = PBXNativeTarget;
			buildConfigurationList = F4333DF2895D416BA151C3BF;
			buildPhases = (
				737C801C278615272079C1B5,
				0BC7F69E73E3788580431678,
				802377875724CF9D7386E2DF,
			);
			buildRules = (
			);
			dependencies = (
			);
			name = "1EQ - App";
			productName = 1EQ;
			productReference = 699E99DA2E2E2260EB21FA13;
			productType = "com.apple.product-type.application";
		};
/* End PBXNativeTarget section */

/* Begin PBXProject section */
		A93046027CF079D929E58400 = {
			isa = PBXProject;
			attributes = {
				BuildIndependentTargetsInParallel = YES;
				LastUpgradeCheck = 1340;
				ORGANIZATIONNAME = "";
				TargetAttributes = {
					A523BE27FB2A183D2816147B = {
						SystemCapabilities = {
							com.apple.ApplicationGroups.iOS = {
								enabled = 0;
							};
							com.apple.HardenedRuntime = {
								enabled = 0;
							};
							com.apple.InAppPurchase = {
								enabled = 0;
							};
							com.apple.InterAppAudio = {
								enabled = 0;
							};
							com.apple.Push = {
								enabled = 0;
							};
							com.apple.Sandbox = {
								enabled = 0;
							};
						};
					};
				};
			};
			buildConfigurationList = 927A95222C1A863631FA9BA6;
			compatibilityVersion = "Xcode 3.2";
			hasScannedForEncodings = 0;
			knownRegions = (
				en,
				Base,
			);
			mainGroup = 4F909C166E12079A1D6B172D;
			projectDirPath = "";
			projectRoot = "";
			targets = (
				A523BE27FB2A183D2816147B,
			);
		};
/* End PBXProject section */

/* Begin PBXResourcesBuildPhase section */
		737C801C278615272079C1B5 = {
			isa = PBXResourcesBuildPhase;
			buildActionMask = 2147483647;
			files = (
				54DBE19CEEC8E3E6EAC7EF7D,
				78A8284AFEBAFECE154BA190,
			);
			runOnlyForDeploymentPostprocessing = 0;
		};
/* End PBXResourcesBuildPhase section */

/* Begin PBXSourcesBuildPhase section */
		0BC7F69E73E3788580431678 = {
			isa = PBXSourcesBuildPhase;
			buildActionMask = 2147483647;
			files = (
				C84735E07686BA49C2D7F94C,
				5FE2723C63B65613068B6B1B,
				47A73FAAF6AB0416C13D664E,
				4E4D29B04C1081332771C257,
				4A17E4838FED34CCB24ACF15,
				13B4C635556F05CE9DD8C2AA,
				FA65732BC32ECE160C606657,
				61965F389ABDBFCC8E7135E7,
				ED766419D571D09BA5790AEE,
				A694CB992512EB1B96D9664F,
				61A5FAFABB19832A777B000E,
				9947201D1AE06524A3AC3579,
				F5B36CD3452516F35BC5453D,
				7048C0ADC1ADC312D33668BB,
				649AF83E6D1E2E00559A527C,
				9CB0DBEEE4A053F85604E38D,
				1B84F39655ED78576164CDDC,
				6FB3DB5510D372B028F25359,
				9B2EE7F36BDFE3DA536A73C8,
				F7798932CCE6FEF00E1A930F,
				EA5AF18162814CAA7DF0F4BC,
				691482BFDC074690A3837A3E,
			);
			runOnlyForDeploymentPostprocessing = 0;
		};
/* End PBXSourcesBuildPhase section */

/* Begin XCBuildConfiguration section */
		214C977E9B31446E5904E52F /* Debug */ = {
			isa = XCBuildConfiguration;
			buildSettings = {
				ALWAYS_SEARCH_USER_PATHS = NO;
				CLANG_ENABLE_OBJC_WEAK = YES;
				CLANG_WARN_BLOCK_CAPTURE_AUTORELEASING = YES;
				CLANG_WARN_BOOL_CONVERSION = YES;
				CLANG_WARN_COMMA = YES;
				CLANG_WARN_CONSTANT_CONVERSION = YES;
				CLANG_WARN_DEPRECATED_OBJC_IMPLEMENTATIONS = YES;
				CLANG_WARN_EMPTY_BODY = YES;
				CLANG_WARN_ENUM_CONVERSION = YES;
				CLANG_WARN_INFINITE_RECURSION = YES;
				CLANG_WARN_INT_CONVERSION = YES;
				CLANG_WARN_NON_LITERAL_NULL_CONVERSION = YES;
				CLANG_WARN_OBJC_IMPLICIT_RETAIN_SELF = YES;
				CLANG_WARN_OBJC_LITERAL_CONVERSION = YES;
				CLANG_WARN_RANGE_LOOP_ANALYSIS = YES;
				CLANG_WARN_STRICT_PROTOTYPES = YES;
				CLANG_WARN_SUSPICIOUS_MOVE = YES;
				CLANG_WARN_UNREACHABLE_CODE = YES;
				CLANG_WARN__DUPLICATE_METHOD_MATCH = YES;
				DEBUG_INFORMATION_FORMAT = dwarf;
				ENABLE_STRICT_OBJC_MSGSEND = YES;
				ENABLE_TESTABILITY = NO;
				GCC_C_LANGUAGE_STANDARD = c11;
				GCC_INLINES_ARE_PRIVATE_EXTERN = YES;
				GCC_MODEL_TUNING = G5;
				GCC_NO_COMMON_BLOCKS = YES;
				GCC_SYMBOLS_PRIVATE_EXTERN = YES;
				GCC_WARN_64_TO_32_BIT_CONVERSION = YES;
				GCC_WARN_ABOUT_RETURN_TYPE = YES;
				GCC_WARN_CHECK_SWITCH_STATEMENTS = YES;
				GCC_WARN_MISSING_PARENTHESES = YES;
				GCC_WARN_NON_VIRTUAL_DESTRUCTOR = YES;
				GCC_WARN_TYPECHECK_CALLS_TO_PRINTF = YES;
				GCC_WARN_UNDECLARED_SELECTOR = YES;
				GCC_WARN_UNINITIALIZED_AUTOS = YES;
				GCC_WARN_UNUSED_FUNCTION = YES;
				GCC_WARN_UNUSED_VARIABLE = YES;
				IPHONEOS_DEPLOYMENT_TARGET = 12.0;
				ONLY_ACTIVE_ARCH = YES;
				PRODUCT_NAME = "1EQ";
				SDKROOT = iphoneos;
				TARGETED_DEVICE_FAMILY = "1,2";
				WARNING_CFLAGS = "-Wreorder";
				ZERO_LINK = NO;
			};
			name = Debug;
		};
		3FA80AAC2D6533A586DB96FB /* Release */ = {
			isa = XCBuildConfiguration;
			buildSettings = {
				ALWAYS_SEARCH_USER_PATHS = NO;
				CLANG_ENABLE_OBJC_WEAK = YES;
				CLANG_WARN_BLOCK_CAPTURE_AUTORELEASING = YES;
				CLANG_WARN_BOOL_CONVERSION = YES;
				CLANG_WARN_COMMA = YES;
				CLANG_WARN_CONSTANT_CONVERSION = YES;
				CLANG_WARN_DEPRECATED_OBJC_IMPLEMENTATIONS = YES;
				CLANG_WARN_EMPTY_BODY = YES;
				CLANG_WARN_ENUM_CONVERSION = YES;
				CLANG_WARN_INFINITE_RECURSION = YES;
				CLANG_WARN_INT_CONVERSION = YES;
				CLANG_WARN_NON_LITERAL_NULL_CONVERSION = YES;
				CLANG_WARN_OBJC_IMPLICIT_RETAIN_SELF = YES;
				CLANG_WARN_OBJC_LITERAL_CONVERSION = YES;
				CLANG_WARN_RANGE_LOOP_ANALYSIS = YES;
				CLANG_WARN_STRICT_PROTOTYPES = YES;
				CLANG_WARN_SUSPICIOUS_MOVE = YES;
				CLANG_WARN_UNREACHABLE_CODE = YES;
				CLANG_WARN__DUPLICATE_METHOD_MATCH = YES;
				DEBUG_INFORMATION_FORMAT = dwarf;
				ENABLE_STRICT_OBJC_MSGSEND = YES;
				ENABLE_TESTABILITY = NO;
				GCC_C_LANGUAGE_STANDARD = c11;
				GCC_INLINES_ARE_PRIVATE_EXTERN = YES;
				GCC_MODEL_TUNING = G5;
				GCC_NO_COMMON_BLOCKS = YES;
				GCC_SYMBOLS_PRIVATE_EXTERN = YES;
				GCC_WARN_64_TO_32_BIT_CONVERSION = YES;
				GCC_WARN_ABOUT_RETURN_TYPE = YES;
				GCC_WARN_CHECK_SWITCH_STATEMENTS = YES;
				GCC_WARN_MISSING_PARENTHESES = YES;
				GCC_WARN_NON_VIRTUAL_DESTRUCTOR = YES;
				GCC_WARN_TYPECHECK_CALLS_TO_PRINTF = YES;
				GCC_WARN_UNDECLARED_SELECTOR = YES;
				GCC_WARN_UNINITIALIZED_AUTOS = YES;
				GCC_WARN_UNUSED_FUNCTION = YES;
				GCC_WARN_UNUSED_VARIABLE = YES;
				IPHONEOS_DEPLOYMENT_TARGET = 12.0;
				PRODUCT_NAME = "1EQ";
				SDKROOT = iphoneos;
				TARGETED_DEVICE_FAMILY = "1,2";
				WARNING_CFLAGS = "-Wreorder";
				ZERO_LINK = NO;
			};
			name = Release;
		};
		5FD31B3B7C6616A1136EC2A4 /* Debug */ = {
			isa = XCBuildConfiguration;
			buildSettings = {
				ASSETCATALOG_COMPILER_APPICON_NAME = AppIcon;
				CLANG_CXX_LANGUAGE_STANDARD = "c++17";
				CLANG_CXX_LIBRARY = "libc++";
				CLANG_LINK_OBJC_RUNTIME = NO;
				COMBINE_HIDPI_IMAGES = YES;
				CONFIGURATION_BUILD_DIR = "$(PROJECT_DIR)/build/$(CONFIGURATION)";
				COPY_PHASE_STRIP = NO;
				GCC_DYNAMIC_NO_PIC = NO;
				GCC_OPTIMIZATION_LEVEL = 0;
				GCC_PREPROCESSOR_DEFINITIONS = (
					"_DEBUG=1",
					"DEBUG=1",
					"JUCE_CONTENT_SHARING=1",
					"JUCE_PROJUCER_VERSION=0x8000c",
					"JUCE_MODULE_AVAILABLE_juce_audio_basics=1",
					"JUCE_MODULE_AVAILABLE_juce_audio_devices=1",
					"JUCE_MODULE_AVAILABLE_juce_audio_formats=1",
					"JUCE_MODULE_AVAILABLE_juce_audio_processors=1",
					"JUCE_MODULE_AVAILABLE_juce_audio_processors_headless=1",
					"JUCE_MODULE_AVAILABLE_juce_audio_utils=1",
					"JUCE_MODULE_AVAILABLE_juce_core=1",
					"JUCE_MODULE_AVAILABLE_juce_data_structures=1",
					"JUCE_MODULE_AVAILABLE_juce_events=1",
					"JUCE_MODULE_AVAILABLE_juce_graphics=1",
					"JUCE_MODULE_AVAILABLE_juce_gui_basics=1",
					"JUCE_MODULE_AVAILABLE_juce_gui_extra=1",
					"JUCE_GLOBAL_MODULE_SETTINGS_INCLUDED=1",
					"JUCE_STRICT_REFCOUNTEDPOINTER=1",
					"JUCE_STANDALONE_APPLICATION=1",
					"JUCER_XCODE_IPHONE_5BC26AE3=1",
					"JUCE_APP_VERSION=1.0.0",
					"JUCE_APP_VERSION_HEX=0x10000",
					"JucePlugin_Build_VST=0",
					"JucePlugin_Build_VST3=0",
					"JucePlugin_Build_AU=0",
					"JucePlugin_Build_AUv3=0",
					"JucePlugin_Build_AAX=0",
					"JucePlugin_Build_Standalone=0",
					"JucePlugin_Build_Unity=0",
					"JucePlugin_Build_LV2=0",
				);
				GCC_VERSION = com.apple.compilers.llvm.clang.1_0;
				HEADER_SEARCH_PATHS = (
					"$(SRCROOT)/../../JuceLibraryCode",
					"$(SRCROOT)/../../../JUCE/modules",
					"$(inherited)",
				);
				INFOPLIST_FILE = Info-App.plist;
				INFOPLIST_PREPROCESS = NO;
				INSTALL_PATH = "$(HOME)/Applications";
				MTL_HEADER_SEARCH_PATHS = "$(SRCROOT)/../../JuceLibraryCode $(SRCROOT)/../../../JUCE/modules";
				PRODUCT_BUNDLE_IDENTIFIER = com.yourcompany._1EQ;
				PRODUCT_NAME = "1EQ";
				USE_HEADERMAP = NO;
			};
			name = Debug;
		};
		F9BB8EB76AF5548F498C607D /* Release */ = {
			isa = XCBuildConfiguration;
			buildSettings = {
				ASSETCATALOG_COMPILER_APPICON_NAME = AppIcon;
				CLANG_CXX_LANGUAGE_STANDARD = "c++17";
				CLANG_CXX_LIBRARY = "libc++";
				CLANG_LINK_OBJC_RUNTIME = NO;
				COMBINE_HIDPI_IMAGES = YES;
				CONFIGURATION_BUILD_DIR = "$(PROJECT_DIR)/build/$(CONFIGURATION)";
				DEAD_CODE_STRIPPING = YES;
				GCC_GENERATE_DEBUGGING_SYMBOLS = NO;
				GCC_OPTIMIZATION_LEVEL = 3;
				GCC_PREPROCESSOR_DEFINITIONS = (
					"_NDEBUG=1",
					"NDEBUG=1",
					"JUCE_CONTENT_SHARING=1",
					"JUCE_PROJUCER_VERSION=0x8000c",
					"JUCE_MODULE_AVAILABLE_juce_audio_basics=1",
					"JUCE_MODULE_AVAILABLE_juce_audio_devices=1",
					"JUCE_MODULE_AVAILABLE_juce_audio_formats=1",
					"JUCE_MODULE_AVAILABLE_juce_audio_processors=1",
					"JUCE_MODULE_AVAILABLE_juce_audio_processors_headless=1",
					"JUCE_MODULE_AVAILABLE_juce_audio_utils=1",
					"JUCE_MODULE_AVAILABLE_juce_core=1",
					"JUCE_MODULE_AVAILABLE_juce_data_structures=1",
					"JUCE_MODULE_AVAILABLE_juce_events=1",
					"JUCE_MODULE_AVAILABLE_juce_graphics=1",
					"JUCE_MODULE_AVAILABLE_juce_gui_basics=1",
					"JUCE_MODULE_AVAILABLE_juce_gui_extra=1",
					"JUCE_GLOBAL_MODULE_SETTINGS_INCLUDED=1",
					"JUCE_STRICT_REFCOUNTEDPOINTER=1",
					"JUCE_STANDALONE_APPLICATION=1",
					"JUCER_XCODE_IPHONE_5BC26AE3=1",
					"JUCE_APP_VERSION=1.0.0",
					"JUCE_APP_VERSION_HEX=0x10000",
					"JucePlugin_Build_VST=0",
					"JucePlugin_Build_VST3=0",
					"JucePlugin_Build_AU=0",
					"JucePlugin_Build_AUv3=0",
					"JucePlugin_Build_AAX=0",
					"JucePlugin_Build_Standalone=0",
					"JucePlugin_Build_Unity=0",
					"JucePlugin_Build_LV2=0",
				);
				GCC_VERSION = com.apple.compilers.llvm.clang.1_0;
				HEADER_SEARCH_PATHS = (
					"$(SRCROOT)/../../JuceLibraryCode",
					"$(SRCROOT)/../../../JUCE/modules",
					"$(inherited)",
				);
				INFOPLIST_FILE = Info-App.plist;
				INFOPLIST_PREPROCESS = NO;
				INSTALL_PATH = "$(HOME)/Applications";
				LLVM_LTO = YES;
				MTL_HEADER_SEARCH_PATHS = "$(SRCROOT)/../../JuceLibraryCode $(SRCROOT)/../../../JUCE/modules";
				PRODUCT_BUNDLE_IDENTIFIER = com.yourcompany._1EQ;
				PRODUCT_NAME = "1EQ";
				USE_HEADERMAP = NO;
			};
			name = Release;
		};
/* End XCBuildConfiguration section */

/* Begin XCConfigurationList section */
		927A95222C1A863631FA9BA6 = {
			isa = XCConfigurationList;
			buildConfigurations = (
				214C977E9B31446E5904E52F,
				3FA80AAC2D6533A586DB96FB,
			);
			defaultConfigurationIsVisible = 0;
			defaultConfigurationName = Debug;
		};
		F4333DF2895D416BA151C3BF = {
			isa = XCConfigurationList;
			buildConfigurations = (
				5FD31B3B7C6616A1136EC2A4,
				F9BB8EB76AF5548F498C607D,
			);
			defaultConfigurationIsVisible = 0;
			defaultConfigurationName = Debug;
		};
/* End XCConfigurationList section */
	};
	rootObject = A93046027CF079D929E58400 /* Project object */;
}
